
Microsoft Visual Studio Solution File, Format Version 12.00
# Visual Studio Version 16
VisualStudioVersion = 16.0.29728.190
MinimumVisualStudioVersion = 10.0.40219.1
Project("{FAE04EC0-301F-11D3-BF4B-00C04F79EFBC}") = "TripPinUnchaseFrameworkClient", "TripPinUnchaseFrameworkClient\TripPinUnchaseFrameworkClient.csproj", "{C4CA4C28-712D-484B-B20A-0FCE6402D4D0}"
EndProject
Project("{9A19103F-16F7-4668-BE54-9A1E7A4F7556}") = "TripPinUnchaseCoreClient", "TripPinUnchaseCoreClient\TripPinUnchaseCoreClient.csproj", "{D24838E5-8731-427E-8789-A9576480C1C9}"
EndProject
Project("{9A19103F-16F7-4668-BE54-9A1E7A4F7556}") = "TripPinUnchaseCoreAsyncClient", "TripPinUnchaseCoreAsyncClient\TripPinUnchaseCoreAsyncClient.csproj", "{CF242359-54B8-402F-B39D-CB1B7736695E}"
EndProject
Project("{FAE04EC0-301F-11D3-BF4B-00C04F79EFBC}") = "NorthwindServiceFrameworkClient", "NorthwindServiceFrameworkClient\NorthwindServiceFrameworkClient.csproj", "{83DFFC20-E3F9-4F75-976D-46204E247AC3}"
EndProject
Project("{FAE04EC0-301F-11D3-BF4B-00C04F79EFBC}") = "NorthwindServiceCoreClient", "NorthwindServiceCoreClient\NorthwindServiceCoreClient.csproj", "{E55EB27A-B7D3-4554-8DA2-ED00AC4F2671}"
EndProject
Project("{FAE04EC0-301F-11D3-BF4B-00C04F79EFBC}") = "NorthwindServiceCoreAsyncClient", "NorthwindServiceCoreAsyncClient\NorthwindServiceCoreAsyncClient.csproj", "{33A9788D-AA72-4DDB-A757-4819E85EA0E7}"
EndProject
Global
	GlobalSection(SolutionConfigurationPlatforms) = preSolution
		Debug|Any CPU = Debug|Any CPU
		Release|Any CPU = Release|Any CPU
	EndGlobalSection
	GlobalSection(ProjectConfigurationPlatforms) = postSolution
		{C4CA4C28-712D-484B-B20A-0FCE6402D4D0}.Debug|Any CPU.ActiveCfg = Debug|Any CPU
		{C4CA4C28-712D-484B-B20A-0FCE6402D4D0}.Debug|Any CPU.Build.0 = Debug|Any CPU
		{C4CA4C28-712D-484B-B20A-0FCE6402D4D0}.Release|Any CPU.ActiveCfg = Release|Any CPU
		{C4CA4C28-712D-484B-B20A-0FCE6402D4D0}.Release|Any CPU.Build.0 = Release|Any CPU
		{D24838E5-8731-427E-8789-A9576480C1C9}.Debug|Any CPU.ActiveCfg = Debug|Any CPU
		{D24838E5-8731-427E-8789-A9576480C1C9}.Debug|Any CPU.Build.0 = Debug|Any CPU
		{D24838E5-8731-427E-8789-A9576480C1C9}.Release|Any CPU.ActiveCfg = Release|Any CPU
		{D24838E5-8731-427E-8789-A9576480C1C9}.Release|Any CPU.Build.0 = Release|Any CPU
		{CF242359-54B8-402F-B39D-CB1B7736695E}.Debug|Any CPU.ActiveCfg = Debug|Any CPU
		{CF242359-54B8-402F-B39D-CB1B7736695E}.Debug|Any CPU.Build.0 = Debug|Any CPU
		{CF242359-54B8-402F-B39D-CB1B7736695E}.Release|Any CPU.ActiveCfg = Release|Any CPU
		{CF242359-54B8-402F-B39D-CB1B7736695E}.Release|Any CPU.Build.0 = Release|Any CPU
		{83DFFC20-E3F9-4F75-976D-46204E247AC3}.Debug|Any CPU.ActiveCfg = Debug|Any CPU
		{83DFFC20-E3F9-4F75-976D-46204E247AC3}.Debug|Any CPU.Build.0 = Debug|Any CPU
		{83DFFC20-E3F9-4F75-976D-46204E247AC3}.Release|Any CPU.ActiveCfg = Release|Any CPU
		{83DFFC20-E3F9-4F75-976D-46204E247AC3}.Release|Any CPU.Build.0 = Release|Any CPU
		{E55EB27A-B7D3-4554-8DA2-ED00AC4F2671}.Debug|Any CPU.ActiveCfg = Debug|Any CPU
		{E55EB27A-B7D3-4554-8DA2-ED00AC4F2671}.Debug|Any CPU.Build.0 = Debug|Any CPU
		{E55EB27A-B7D3-4554-8DA2-ED00AC4F2671}.Release|Any CPU.ActiveCfg = Release|Any CPU
		{E55EB27A-B7D3-4554-8DA2-ED00AC4F2671}.Release|Any CPU.Build.0 = Release|Any CPU
		{33A9788D-AA72-4DDB-A757-4819E85EA0E7}.Debug|Any CPU.ActiveCfg = Debug|Any CPU
		{33A9788D-AA72-4DDB-A757-4819E85EA0E7}.Debug|Any CPU.Build.0 = Debug|Any CPU
		{33A9788D-AA72-4DDB-A757-4819E85EA0E7}.Release|Any CPU.ActiveCfg = Release|Any CPU
		{33A9788D-AA72-4DDB-A757-4819E85EA0E7}.Release|Any CPU.Build.0 = Release|Any CPU
	EndGlobalSection
	GlobalSection(SolutionProperties) = preSolution
		HideSolutionNode = FALSE
	EndGlobalSection
	GlobalSection(ExtensibilityGlobals) = postSolution
		SolutionGuid = {1F2FB587-FEFE-456E-824D-6C177EFE2AE1}
	EndGlobalSection
EndGlobal
